{
  "nodes": {
    "dependencyDagOfSubmodule": {
      "locked": {
        "lastModified": 1771196170,
        "narHash": "sha256-097wcVH5SsvxzbSlpEQS58ayXfM2u24X4r7cmI5DFZE=",
        "owner": "thelegy",
        "repo": "nix-dependencyDagOfSubmodule",
        "rev": "6b4cce23aaa64dd4e704a2c074c0992e3da67594",
        "type": "github"
      },
      "original": {
        "owner": "thelegy",
        "ref": "dev",
        "repo": "nix-dependencyDagOfSubmodule",
        "type": "github"
      }
    },
    "root": {
      "inputs": {
        "dependencyDagOfSubmodule": "dependencyDagOfSubmodule"
      }
    }
  },
  "root": "root",
  "version": 7
}
